// !$*UTF8*$!
{
	archiveVersion = 1;
	classes = {
	};
	objectVersion = 46;
	objects = {

/* Begin PBXBuildFile section */
		C90205DA1E5581CB0091CC44 /* main.m in Sources */ = {isa = PBXBuildFile; fileRef = C90205D91E5581CB0091CC44 /* main.m */; };
		C90205DD1E5581CB0091CC44 /* AppDelegate.m in Sources */ = {isa = PBXBuildFile; fileRef = C90205DC1E5581CB0091CC44 /* AppDelegate.m */; };
		C90205E01E5581CB0091CC44 /* ViewController.m in Sources */ = {isa = PBXBuildFile; fileRef = C90205DF1E5581CB0091CC44 /* ViewController.m */; };
		C90205E51E5581CB0091CC44 /* Assets.xcassets in Resources */ = {isa = PBXBuildFile; fileRef = C90205E41E5581CB0091CC44 /* Assets.xcassets */; };
		C90205F21E55822C0091CC44 /* MainViewController.m in Sources */ = {isa = PBXBuildFile; fileRef = C90205F01E55822C0091CC44 /* MainViewController.m */; };
		C90205F31E55822C0091CC44 /* MainViewController.xib in Resources */ = {isa = PBXBuildFile; fileRef = C90205F11E55822C0091CC44 /* MainViewController.xib */; };
		C90205F71E5582E70091CC44 /* RXSafeTransform.m in Sources */ = {isa = PBXBuildFile; fileRef = C90205F61E5582E70091CC44 /* RXSafeTransform.m */; };
/* End PBXBuildFile section */

/* Begin PBXFileReference section */
		C90205D51E5581CB0091CC44 /* RXSafeTransformExample.app */ = {isa = PBXFileReference; explicitFileType = wrapper.application; includeInIndex = 0; path = RXSafeTransformExample.app; sourceTree = BUILT_PRODUCTS_DIR; };
		C90205D91E5581CB0091CC44 /* main.m */ = {isa = PBXFileReference; lastKnownFileType = sourcecode.c.objc; path = main.m; sourceTree = "<group>"; };
		C90205DB1E5581CB0091CC44 /* AppDelegate.h */ = {isa = PBXFileReference; lastKnownFileType = sourcecode.c.h; path = AppDelegate.h; sourceTree = "<group>"; };
		C90205DC1E5581CB0091CC44 /* AppDelegate.m */ = {isa = PBXFileReference; lastKnownFileType = sourcecode.c.objc; path = AppDelegate.m; sourceTree = "<group>"; };
		C90205DE1E5581CB0091CC44 /* ViewController.h */ = {isa = PBXFileReference; lastKnownFileType = sourcecode.c.h; path = ViewController.h; sourceTree = "<group>"; };
		C90205DF1E5581CB0091CC44 /* ViewController.m */ = {isa = PBXFileReference; lastKnownFileType = sourcecode.c.objc; path = ViewController.m; sourceTree = "<group>"; };
		C90205E41E5581CB0091CC44 /* Assets.xcassets */ = {isa = PBXFileReference; lastKnownFileType = folder.assetcatalog; path = Assets.xcassets; sourceTree = "<group>"; };
		C90205E91E5581CB0091CC44 /* Info.plist */ = {isa = PBXFileReference; lastKnownFileType = text.plist.xml; path = Info.plist; sourceTree = "<group>"; };
		C90205EF1E55822C0091CC44 /* MainViewController.h */ = {isa = PBXFileReference; fileEncoding = 4; lastKnownFileType = sourcecode.c.h; path = MainViewController.h; sourceTree = "<group>"; };
		C90205F01E55822C0091CC44 /* MainViewController.m */ = {isa = PBXFileReference; fileEncoding = 4; lastKnownFileType = sourcecode.c.objc; path = MainViewController.m; sourceTree = "<group>"; };
		C90205F11E55822C0091CC44 /* MainViewController.xib */ = {isa = PBXFileReference; fileEncoding = 4; lastKnownFileType = file.xib; path = MainViewController.xib; sourceTree = "<group>"; };
		C90205F51E5582E70091CC44 /* RXSafeTransform.h */ = {isa = PBXFileReference; fileEncoding = 4; lastKnownFileType = sourcecode.c.h; path = RXSafeTransform.h; sourceTree = "<group>"; };
		C90205F61E5582E70091CC44 /* RXSafeTransform.m */ = {isa = PBXFileReference; fileEncoding = 4; lastKnownFileType = sourcecode.c.objc; path = RXSafeTransform.m; sourceTree = "<group>"; };
/* End PBXFileReference section */

/* Begin PBXFrameworksBuildPhase section */
		C90205D21E5581CB0091CC44 /* Frameworks */ = {
			isa = PBXFrameworksBuildPhase;
			buildActionMask = 2147483647;
			files = (
			);
			runOnlyForDeploymentPostprocessing = 0;
		};
/* End PBXFrameworksBuildPhase section */

/* Begin PBXGroup section */
		C90205CC1E5581CB0091CC44 = {
			isa = PBXGroup;
			children = (
				C90205F41E5582C60091CC44 /* RXSafeTransform */,
				C90205D71E5581CB0091CC44 /* RXSafeTransformExample */,
				C90205D61E5581CB0091CC44 /* Products */,
			);
			sourceTree = "<group>";
		};
		C90205D61E5581CB0091CC44 /* Products */ = {
			isa = PBXGroup;
			children = (
				C90205D51E5581CB0091CC44 /* RXSafeTransformExample.app */,
			);
			name = Products;
			sourceTree = "<group>";
		};
		C90205D71E5581CB0091CC44 /* RXSafeTransformExample */ = {
			isa = PBXGroup;
			children = (
				C90205DB1E5581CB0091CC44 /* AppDelegate.h */,
				C90205DC1E5581CB0091CC44 /* AppDelegate.m */,
				C90205DE1E5581CB0091CC44 /* ViewController.h */,
				C90205DF1E5581CB0091CC44 /* ViewController.m */,
				C90205E41E5581CB0091CC44 /* Assets.xcassets */,
				C90205E91E5581CB0091CC44 /* Info.plist */,
				C90205D81E5581CB0091CC44 /* Supporting Files */,
				C90205EF1E55822C0091CC44 /* MainViewController.h */,
				C90205F01E55822C0091CC44 /* MainViewController.m */,
				C90205F11E55822C0091CC44 /* MainViewController.xib */,
			);
			path = RXSafeTransformExample;
			sourceTree = "<group>";
		};
		C90205D81E5581CB0091CC44 /* Supporting Files */ = {
			isa = PBXGroup;
			children = (
				C90205D91E5581CB0091CC44 /* main.m */,
			);
			name = "Supporting Files";
			sourceTree = "<group>";
		};
		C90205F41E5582C60091CC44 /* RXSafeTransform */ = {
			isa = PBXGroup;
			children = (
				C90205F51E5582E70091CC44 /* RXSafeTransform.h */,
				C90205F61E5582E70091CC44 /* RXSafeTransform.m */,
			);
			name = RXSafeTransform;
			path = ../RXSafeTransform;
			sourceTree = "<group>";
		};
/* End PBXGroup section */

/* Begin PBXNativeTarget section */
		C90205D41E5581CB0091CC44 /* RXSafeTransformExample */ = {
			isa = PBXNativeTarget;
			buildConfigurationList = C90205EC1E5581CB0091CC44 /* Build configuration list for PBXNativeTarget "RXSafeTransformExample" */;
			buildPhases = (
				C90205D11E5581CB0091CC44 /* Sources */,
				C90205D21E5581CB0091CC44 /* Frameworks */,
				C90205D31E5581CB0091CC44 /* Resources */,
			);
			buildRules = (
			);
			dependencies = (
			);
			name = RXSafeTransformExample;
			productName = RXSafeTransformExample;
			productReference = C90205D51E5581CB0091CC44 /* RXSafeTransformExample.app */;
			productType = "com.apple.product-type.application";
		};
/* End PBXNativeTarget section */

/* Begin PBXProject section */
		C90205CD1E5581CB0091CC44 /* Project object */ = {
			isa = PBXProject;
			attributes = {
				LastUpgradeCheck = 0820;
				ORGANIZATIONNAME = Rush;
				TargetAttributes = {
					C90205D41E5581CB0091CC44 = {
						CreatedOnToolsVersion = 8.2.1;
						DevelopmentTeam = BMW986WME7;
						ProvisioningStyle = Automatic;
					};
				};
			};
			buildConfigurationList = C90205D01E5581CB0091CC44 /* Build configuration list for PBXProject "RXSafeTransformExample" */;
			compatibilityVersion = "Xcode 3.2";
			developmentRegion = English;
			hasScannedForEncodings = 0;
			knownRegions = (
				en,
				Base,
			);
			mainGroup = C90205CC1E5581CB0091CC44;
			productRefGroup = C90205D61E5581CB0091CC44 /* Products */;
			projectDirPath = "";
			projectRoot = "";
			targets = (
				C90205D41E5581CB0091CC44 /* RXSafeTransformExample */,
			);
		};
/* End PBXProject section */

/* Begin PBXResourcesBuildPhase section */
		C90205D31E5581CB0091CC44 /* Resources */ = {
			isa = PBXResourcesBuildPhase;
			buildActionMask = 2147483647;
			files = (
				C90205E51E5581CB0091CC44 /* Assets.xcassets in Resources */,
				C90205F31E55822C0091CC44 /* MainViewController.xib in Resources */,
			);
			runOnlyForDeploymentPostprocessing = 0;
		};
/* End PBXResourcesBuildPhase section */

/* Begin PBXSourcesBuildPhase section */
		C90205D11E5581CB0091CC44 /* Sources */ = {
			isa = PBXSourcesBuildPhase;
			buildActionMask = 2147483647;
			files = (
				C90205E01E5581CB0091CC44 /* ViewController.m in Sources */,
				C90205DD1E5581CB0091CC44 /* AppDelegate.m in Sources */,
				C90205DA1E5581CB0091CC44 /* main.m in Sources */,
				C90205F21E55822C0091CC44 /* MainViewController.m in Sources */,
				C90205F71E5582E70091CC44 /* RXSafeTransform.m in Sources */,
			);
			runOnlyForDeploymentPostprocessing = 0;
		};
/* End PBXSourcesBuildPhase section */

/* Begin XCBuildConfiguration section */
		C90205EA1E5581CB0091CC44 /* Debug */ = {
			isa = XCBuildConfiguration;
			buildSettings = {
				ALWAYS_SEARCH_USER_PATHS = NO;
				CLANG_ANALYZER_NONNULL = YES;
				CLANG_CXX_LANGUAGE_STANDARD = "gnu++0x";
				CLANG_CXX_LIBRARY = "libc++";
				CLANG_ENABLE_MODULES = YES;
				CLANG_ENABLE_OBJC_ARC = YES;
				CLANG_WARN_BOOL_CONVERSION = YES;
				CLANG_WARN_CONSTANT_CONVERSION = YES;
				CLANG_WARN_DIRECT_OBJC_ISA_USAGE = YES_ERROR;
				CLANG_WARN_DOCUMENTATION_COMMENTS = YES;
				CLANG_WARN_EMPTY_BODY = YES;
				CLANG_WARN_ENUM_CONVERSION = YES;
				CLANG_WARN_INFINITE_RECURSION = YES;
				CLANG_WARN_INT_CONVERSION = YES;
				CLANG_WARN_OBJC_ROOT_CLASS = YES_ERROR;
				CLANG_WARN_SUSPICIOUS_MOVE = YES;
				CLANG_WARN_UNREACHABLE_CODE = YES;
				CLANG_WARN__DUPLICATE_METHOD_MATCH = YES;
				"CODE_SIGN_IDENTITY[sdk=iphoneos*]" = "iPhone Developer";
				COPY_PHASE_STRIP = NO;
				DEBUG_INFORMATION_FORMAT = dwarf;
				ENABLE_STRICT_OBJC_MSGSEND = YES;
				ENABLE_TESTABILITY = YES;
				GCC_C_LANGUAGE_STANDARD = gnu99;
				GCC_DYNAMIC_NO_PIC = NO;
				GCC_NO_COMMON_BLOCKS = YES;
				GCC_OPTIMIZATION_LEVEL = 0;
				GCC_PREPROCESSOR_DEFINITIONS = (
					"DEBUG=1",
					"$(inherited)",
				);
				GCC_WARN_64_TO_32_BIT_CONVERSION = YES;
				GCC_WARN_ABOUT_RETURN_TYPE = YES_ERROR;
				GCC_WARN_UNDECLARED_SELECTOR = YES;
				GCC_WARN_UNINITIALIZED_AUTOS = YES_AGGRESSIVE;
				GCC_WARN_UNUSED_FUNCTION = YES;
				GCC_WARN_UNUSED_VARIABLE = YES;
				IPHONEOS_DEPLOYMENT_TARGET = 10.2;
				MTL_ENABLE_DEBUG_INFO = YES;
				ONLY_ACTIVE_ARCH = YES;
				SDKROOT = iphoneos;
			};
			name = Debug;
		};
		C90205EB1E5581CB0091CC44 /* Release */ = {
			isa = XCBuildConfiguration;
			buildSettings = {
				ALWAYS_SEARCH_USER_PATHS = NO;
				CLANG_ANALYZER_NONNULL = YES;
				CLANG_CXX_LANGUAGE_STANDARD = "gnu++0x";
				CLANG_CXX_LIBRARY = "libc++";
				CLANG_ENABLE_MODULES = YES;
				CLANG_ENABLE_OBJC_ARC = YES;
				CLANG_WARN_BOOL_CONVERSION = YES;
				CLANG_WARN_CONSTANT_CONVERSION = YES;
				CLANG_WARN_DIRECT_OBJC_ISA_USAGE = YES_ERROR;
				CLANG_WARN_DOCUMENTATION_COMMENTS = YES;
				CLANG_WARN_EMPTY_BODY = YES;
				CLANG_WARN_ENUM_CONVERSION = YES;
				CLANG_WARN_INFINITE_RECURSION = YES;
				CLANG_WARN_INT_CONVERSION = YES;
				CLANG_WARN_OBJC_ROOT_CLASS = YES_ERROR;
				CLANG_WARN_SUSPICIOUS_MOVE = YES;
				CLANG_WARN_UNREACHABLE_CODE = YES;
				CLANG_WARN__DUPLICATE_METHOD_MATCH = YES;
				"CODE_SIGN_IDENTITY[sdk=iphoneos*]" = "iPhone Developer";
				COPY_PHASE_STRIP = NO;
				DEBUG_INFORMATION_FORMAT = "dwarf-with-dsym";
				ENABLE_NS_ASSERTIONS = NO;
				ENABLE_STRICT_OBJC_MSGSEND = YES;
				GCC_C_LANGUAGE_STANDARD = gnu99;
				GCC_NO_COMMON_BLOCKS = YES;
				GCC_WARN_64_TO_32_BIT_CONVERSION = YES;
				GCC_WARN_ABOUT_RETURN_TYPE = YES_ERROR;
				GCC_WARN_UNDECLARED_SELECTOR = YES;
				GCC_WARN_UNINITIALIZED_AUTOS = YES_AGGRESSIVE;
				GCC_WARN_UNUSED_FUNCTION = YES;
				GCC_WARN_UNUSED_VARIABLE = YES;
				IPHONEOS_DEPLOYMENT_TARGET = 10.2;
				MTL_ENABLE_DEBUG_INFO = NO;
				SDKROOT = iphoneos;
				VALIDATE_PRODUCT = YES;
			};
			name = Release;
		};
		C90205ED1E5581CB0091CC44 /* Debug */ = {
			isa = XCBuildConfiguration;
			buildSettings = {
				ASSETCATALOG_COMPILER_APPICON_NAME = AppIcon;
				ASSETCATALOG_COMPILER_LAUNCHIMAGE_NAME = LaunchImage;
				DEVELOPMENT_TEAM = BMW986WME7;
				INFOPLIST_FILE = RXSafeTransformExample/Info.plist;
				IPHONEOS_DEPLOYMENT_TARGET = 8.0;
				LD_RUNPATH_SEARCH_PATHS = "$(inherited) @executable_path/Frameworks";
				PRODUCT_BUNDLE_IDENTIFIER = com.Rush.RXSafeTransformExample;
				PRODUCT_NAME = "$(TARGET_NAME)";
			};
			name = Debug;
		};
		C90205EE1E5581CB0091CC44 /* Release */ = {
			isa = XCBuildConfiguration;
			buildSettings = {
				ASSETCATALOG_COMPILER_APPICON_NAME = AppIcon;
				ASSETCATALOG_COMPILER_LAUNCHIMAGE_NAME = LaunchImage;
				DEVELOPMENT_TEAM = BMW986WME7;
				INFOPLIST_FILE = RXSafeTransformExample/Info.plist;
				IPHONEOS_DEPLOYMENT_TARGET = 8.0;
				LD_RUNPATH_SEARCH_PATHS = "$(inherited) @executable_path/Frameworks";
				PRODUCT_BUNDLE_IDENTIFIER = com.Rush.RXSafeTransformExample;
				PRODUCT_NAME = "$(TARGET_NAME)";
			};
			name = Release;
		};
/* End XCBuildConfiguration section */

/* Begin XCConfigurationList section */
		C90205D01E5581CB0091CC44 /* Build configuration list for PBXProject "RXSafeTransformExample" */ = {
			isa = XCConfigurationList;
			buildConfigurations = (
				C90205EA1E5581CB0091CC44 /* Debug */,
				C90205EB1E5581CB0091CC44 /* Release */,
			);
			defaultConfigurationIsVisible = 0;
			defaultConfigurationName = Release;
		};
		C90205EC1E5581CB0091CC44 /* Build configuration list for PBXNativeTarget "RXSafeTransformExample" */ = {
			isa = XCConfigurationList;
			buildConfigurations = (
				C90205ED1E5581CB0091CC44 /* Debug */,
				C90205EE1E5581CB0091CC44 /* Release */,
			);
			defaultConfigurationIsVisible = 0;
		};
/* End XCConfigurationList section */
	};
	rootObject = C90205CD1E5581CB0091CC44 /* Project object */;
}
